lockfileVersion: '9.0'

settings:
  autoInstallPeers: true
  excludeLinksFromLockfile: false

importers:

  .:
    dependencies:
      '@aws-sdk/client-dynamodb':
        specifier: ^3.700.0
        version: 3.1076.0
      '@aws-sdk/lib-dynamodb':
        specifier: ^3.700.0
        version: 3.1076.0(@aws-sdk/client-dynamodb@3.1076.0)

packages:

  '@aws-crypto/sha256-browser@5.2.0':
    resolution: {integrity: sha512-AXfN/lGotSQwu6HNcEsIASo7kWXZ5HYWvfOmSNKDsEqC4OashTp8alTmaz+F7TC2L083SFv5RdB+qU3Vs1kZqw==}

  '@aws-crypto/sha256-js@5.2.0':
    resolution: {integrity: sha512-FFQQyu7edu4ufvIZ+OadFpHHOt+eSTBaYaki44c+akjg7qZg9oOQeLlk77F6tSYqjDAFClrHJk9tMf0HdVyOvA==}
    engines: {node: '>=16.0.0'}

  '@aws-crypto/supports-web-crypto@5.2.0':
    resolution: {integrity: sha512-iAvUotm021kM33eCdNfwIN//F77/IADDSs58i+MDaOqFrVjZo9bAal0NK7HurRuWLLpF1iLX7gbWrjHjeo+YFg==}

  '@aws-crypto/util@5.2.0':
    resolution: {integrity: sha512-4RkU9EsI6ZpBve5fseQlGNUWKMa1RLPQ1dnjnQoe07ldfIzcsGb5hC5W0Dm7u423KWzawlrpbjXBrXCEv9zazQ==}

  '@aws-sdk/client-dynamodb@3.1076.0':
    resolution: {integrity: sha512-3qj40tOjHIjOP3EYgP2yM5Hi/ZKZfDhPbtay2QEpAe3ffgSaHWPedzj41B6WH/dopn5D6vhdzzU/YNh6D3hiSw==}
    engines: {node: '>=20.0.0'}

  '@aws-sdk/core@3.974.24':
    resolution: {integrity: sha512-vWB/qJl21vxGKBkBN8fKPTVXgm14v/bUQWTtR5oikrfAZbIN2bxuSiCY5rRAMR4gs3vtR2Vw0aTfVDU4tdfIPg==}
    engines: {node: '>=20.0.0'}

  '@aws-sdk/credential-provider-env@3.972.50':
    resolution: {integrity: sha512-l8bWzhPFTi9tDcvtURxeMlfsboul5/0sEN3SwwXxdpYudVB9+EuQcxo2pwlTzXwDo4Gm2VLGyiZ8zti3nfdOLw==}
    engines: {node: '>=20.0.0'}

  '@aws-sdk/credential-provider-http@3.972.52':
    resolution: {integrity: sha512-FjAlnsIvemWzO3JTM3ObuuxpqCyrqkXOewlYY2+NiR1MYO1JuFYSIJ8SJN5Q2KD1jkL5lIuab8awjb/AxsvjiQ==}
    engines: {node: '>=20.0.0'}

  '@aws-sdk/credential-provider-ini@3.972.57':
    resolution: {integrity: sha512-8qwNhQ0sK/1KaOpVEFC7TFxrWP3fxzJV1K049MzjouiMIbvTDvIGDEUtj5ND5aTmlHVK/YZxjoYnLCeV/GZU0w==}
    engines: {node: '>=20.0.0'}

  '@aws-sdk/credential-provider-login@3.972.56':
    resolution: {integrity: sha512-S36dCrDaafakFMlaCVGAF4advbQKoJuMcyMtNWVBpUz65uqhbIAsUfvAyp+djA+jkzaEfgZGd+AELjIGzTqyhw==}
    engines: {node: '>=20.0.0'}

  '@aws-sdk/credential-provider-node@3.972.59':
    resolution: {integrity: sha512-LkczBXaEsdManijlEZwbKfEoo1C98Yri3LHF8gQI7CYWv+uFkmpS3OZH3BSew8g1A2ppKsScdPUSlhI6NV7a9g==}
    engines: {node: '>=20.0.0'}

  '@aws-sdk/credential-provider-process@3.972.50':
    resolution: {integrity: sha512-ARBEVkOQzmowTU0a35smGVyldJ9FN/f57XIGrPatrul4mYN+vvOKxoc1njDOX3nugVze+0sHzQZWJ8kPARAtUA==}
    engines: {node: '>=20.0.0'}

  '@aws-sdk/credential-provider-sso@3.972.56':
    resolution: {integrity: sha512-LvbWiFcLI/D5RPaT68TrpLLHyv7x5X+dm59wJ5dFizyGPZggBC7OdgJTlP0X1bVjiSSAgE1u1oxxcBps0GCEnA==}
    engines: {node: '>=20.0.0'}

  '@aws-sdk/credential-provider-web-identity@3.972.56':
    resolution: {integrity: sha512-OV3JxmqMphVGMLWupYD2UhZxX07ATk1NwyYk7RgCnAEh0y3owHmtEnkWZ3ciCZ6liiFEwS8dYQpJGmKsR6ml4Q==}
    engines: {node: '>=20.0.0'}

  '@aws-sdk/dynamodb-codec@3.973.24':
    resolution: {integrity: sha512-GwHUG+qidyCWIzQM1Jo3DuI58av//NuhbCgCSbS/QsqNalkucqRNARJyJr7QSvAuEsz8fViFR0S4oWpHzt+obA==}
    engines: {node: '>=20.0.0'}

  '@aws-sdk/endpoint-cache@3.972.8':
    resolution: {integrity: sha512-bBmkG0Dnhfq0/T4Z0PpUr7HkncBVaWvvCbvafeaUM+yC9wa8GGjLJmonq0QL17REB9WivgGeYgWQ5A80Uw5UnQ==}
    engines: {node: '>=20.0.0'}

  '@aws-sdk/lib-dynamodb@3.1076.0':
    resolution: {integrity: sha512-rhiTlsPvociXNILpzMh7mYt4HxcVn9XCcAGvejizAjOG0QhH7JBwJUY4y+2nbD4DJJlgi8I2N9hcIUAWveIn3g==}
    engines: {node: '>=20.0.0'}
    peerDependencies:
      '@aws-sdk/client-dynamodb': ^3.1076.0

  '@aws-sdk/middleware-endpoint-discovery@3.972.20':
    resolution: {integrity: sha512-hxn9KYiTSdjGm64yuAs4043AT4mEfjFdFgxylOmHUgOTnpdy3xogBPDBtQzGxHwJh1+oKWo9Hr1jzOrx1FsG/A==}
    engines: {node: '>=20.0.0'}

  '@aws-sdk/nested-clients@3.997.24':
    resolution: {integrity: sha512-+wFVfVofxeiXdRhUjRwYISB2mVfBCdiCq1wThkRipTeOc10Kyr+LS9QJTjgZuhWsna7jyLMPndrCnzLGWWvZXg==}
    engines: {node: '>=20.0.0'}

  '@aws-sdk/signature-v4-multi-region@3.996.36':
    resolution: {integrity: sha512-VSOWIPkI+g3a7NkxIBCO24HnsR0BZXJAi3wrKaGIZwVKyrMtNRdHxPrQI/igazgla5J9FhDzmg4RgnOSr6UQBw==}
    engines: {node: '>=20.0.0'}

  '@aws-sdk/token-providers@3.1076.0':
    resolution: {integrity: sha512-4rTHETRKe2JWAsFUMo5ENmlzc3i9FD4KqBVXgoaF8DLTADjGid8SA+1LR2nJWjefoafvKAHcQH9F2iKa8uHc6Q==}
    engines: {node: '>=20.0.0'}

  '@aws-sdk/types@3.973.14':
    resolution: {integrity: sha512-vH4pEu9YBEwr67yT+GVcmKX0GzfIrIYUn+MF5vXg9OspouVnAekuyVyawFvZHEK7WlcwVDwNrqI3ZBDUAiyu9A==}
    engines: {node: '>=20.0.0'}

  '@aws-sdk/util-dynamodb@3.996.5':
    resolution: {integrity: sha512-m9bdmYq3WtbMHAKGALw9XWiMBfKu5T8ukgdJT7Mc/d2oOwDGNFmhsnnkQ18xomoXo/ZHxAuIDi3Y6slsblW1Mg==}
    engines: {node: '>=20.0.0'}
    peerDependencies:
      '@aws-sdk/client-dynamodb': ^3.1069.0

  '@aws-sdk/util-locate-window@3.965.8':
    resolution: {integrity: sha512-uUbMs1cBZPafD0ohUj6EwNf0fPZ534NvBxHox4hjX+0Rxq5paSYUem7+hi833pYrzrcnBATKIYpR02MDXT5M9g==}
    engines: {node: '>=20.0.0'}

  '@aws-sdk/xml-builder@3.972.32':
    resolution: {integrity: sha512-2loKuOMRFDg1nwdni5AtJ9S5juVbRNPNsPC7tWTfkHyycPwACMhxepspUHi8GhvfNlL2cQo3sPMod1uib+KZ0w==}
    engines: {node: '>=20.0.0'}

  '@aws/lambda-invoke-store@0.2.4':
    resolution: {integrity: sha512-iY8yvjE0y651BixKNPgmv1WrQc+GZ142sb0z4gYnChDDY2YqI4P/jsSopBWrKfAt7LOJAkOXt7rC/hms+WclQQ==}
    engines: {node: '>=18.0.0'}

  '@smithy/core@3.28.0':
    resolution: {integrity: sha512-N/LoLG8pZ1zv5cIWpdF6vmSjtZtXKK9G0OqT5yYCOZU+CzPq1+nYA95VoKJBGWRScs7YbMugZ7lZx8Fj1vdHoA==}
    engines: {node: '>=18.0.0'}

  '@smithy/credential-provider-imds@4.4.4':
    resolution: {integrity: sha512-jT0WrDaM88L5na9FX1xRNywCS3B1n75wPY5Ksasjo0PHUtuI7d8FclksN1BbOSYTiaiKxUDqU23nUymH/V+AaQ==}
    engines: {node: '>=18.0.0'}

  '@smithy/fetch-http-handler@5.6.1':
    resolution: {integrity: sha512-fW6l9rWoyk1iyzfuZaERnZLNjB6WIojgGm6Bo9Hpfpy3RUpltjLikNlxTsS/YtxVobcfbCGBuAncREYqT4hvqQ==}
    engines: {node: '>=18.0.0'}

  '@smithy/is-array-buffer@2.2.0':
    resolution: {integrity: sha512-GGP3O9QFD24uGeAXYUjwSTXARoqpZykHadOmA8G5vfJPK0/DC67qa//0qvqrJzL1xc8WQWX7/yc7fwudjPHPhA==}
    engines: {node: '>=14.0.0'}

  '@smithy/node-http-handler@4.9.1':
    resolution: {integrity: sha512-m/f15di58P6NtLQ7eVEb5N19NdJWn+4c7zfkFHMT/i3JH7U8UtknpPoy8o2tm2R3OdliYvsvQhZHIfACQDqT+Q==}
    engines: {node: '>=18.0.0'}

  '@smithy/signature-v4@5.6.0':
    resolution: {integrity: sha512-IkPHQdbyoebSwBCuMTzJ/2oIhKVqiZZAZxQYSlpDZqq/WhJUpmdgbHvP7ItddxsPzcDUJeI0V4PNMSNtlZ0aqA==}
    engines: {node: '>=18.0.0'}

  '@smithy/types@4.15.0':
    resolution: {integrity: sha512-Z5TAOxygoFvybJV3igo5SloFflSokHx2hu1eFA+DxDTcn+FtKxUSui+rbTRG1pAafMA888Z3MVvCWUuvCrTXjg==}
    engines: {node: '>=18.0.0'}

  '@smithy/util-buffer-from@2.2.0':
    resolution: {integrity: sha512-IJdWBbTcMQ6DA0gdNhh/BwrLkDR+ADW5Kr1aZmd4k3DIF6ezMV4R2NIAmT08wQJ3yUK82thHWmC/TnK/wpMMIA==}
    engines: {node: '>=14.0.0'}

  '@smithy/util-utf8@2.3.0':
    resolution: {integrity: sha512-R8Rdn8Hy72KKcebgLiv8jQcQkXoLMOGGv5uI1/k0l+snqkOzQ1R0ChUBCxWMlBsFMekWjq0wRudIweFs7sKT5A==}
    engines: {node: '>=14.0.0'}

  bowser@2.14.1:
    resolution: {integrity: sha512-tzPjzCxygAKWFOJP011oxFHs57HzIhOEracIgAePE4pqB3LikALKnSzUyU4MGs9/iCEUuHlAJTjTc5M+u7YEGg==}

  mnemonist@0.38.3:
    resolution: {integrity: sha512-2K9QYubXx/NAjv4VLq1d1Ly8pWNC5L3BrixtdkyTegXWJIqY+zLNDhhX/A+ZwWt70tB1S8H4BE8FLYEFyNoOBw==}

  obliterator@1.6.1:
    resolution: {integrity: sha512-9WXswnqINnnhOG/5SLimUlzuU1hFJUc8zkwyD59Sd+dPOMf05PmnYG/d6Q7HZ+KmgkZJa1PxRso6QdM3sTNHig==}

  tslib@2.8.1:
    resolution: {integrity: sha512-oJFu94HQb+KVduSUQL7wnpmqnfmLsOA/nAh6b6EH0wCEoK0/mPeXU6c3wKDV83MkOuHPRHtSXKKU99IBazS/2w==}

snapshots:

  '@aws-crypto/sha256-browser@5.2.0':
    dependencies:
      '@aws-crypto/sha256-js': 5.2.0
      '@aws-crypto/supports-web-crypto': 5.2.0
      '@aws-crypto/util': 5.2.0
      '@aws-sdk/types': 3.973.14
      '@aws-sdk/util-locate-window': 3.965.8
      '@smithy/util-utf8': 2.3.0
      tslib: 2.8.1

  '@aws-crypto/sha256-js@5.2.0':
    dependencies:
      '@aws-crypto/util': 5.2.0
      '@aws-sdk/types': 3.973.14
      tslib: 2.8.1

  '@aws-crypto/supports-web-crypto@5.2.0':
    dependencies:
      tslib: 2.8.1

  '@aws-crypto/util@5.2.0':
    dependencies:
      '@aws-sdk/types': 3.973.14
      '@smithy/util-utf8': 2.3.0
      tslib: 2.8.1

  '@aws-sdk/client-dynamodb@3.1076.0':
    dependencies:
      '@aws-crypto/sha256-browser': 5.2.0
      '@aws-crypto/sha256-js': 5.2.0
      '@aws-sdk/core': 3.974.24
      '@aws-sdk/credential-provider-node': 3.972.59
      '@aws-sdk/dynamodb-codec': 3.973.24
      '@aws-sdk/middleware-endpoint-discovery': 3.972.20
      '@aws-sdk/types': 3.973.14
      '@smithy/core': 3.28.0
      '@smithy/fetch-http-handler': 5.6.1
      '@smithy/node-http-handler': 4.9.1
      '@smithy/types': 4.15.0
      tslib: 2.8.1

  '@aws-sdk/core@3.974.24':
    dependencies:
      '@aws-sdk/types': 3.973.14
      '@aws-sdk/xml-builder': 3.972.32
      '@aws/lambda-invoke-store': 0.2.4
      '@smithy/core': 3.28.0
      '@smithy/signature-v4': 5.6.0
      '@smithy/types': 4.15.0
      bowser: 2.14.1
      tslib: 2.8.1

  '@aws-sdk/credential-provider-env@3.972.50':
    dependencies:
      '@aws-sdk/core': 3.974.24
      '@aws-sdk/types': 3.973.14
      '@smithy/core': 3.28.0
      '@smithy/types': 4.15.0
      tslib: 2.8.1

  '@aws-sdk/credential-provider-http@3.972.52':
    dependencies:
      '@aws-sdk/core': 3.974.24
      '@aws-sdk/types': 3.973.14
      '@smithy/core': 3.28.0
      '@smithy/fetch-http-handler': 5.6.1
      '@smithy/node-http-handler': 4.9.1
      '@smithy/types': 4.15.0
      tslib: 2.8.1

  '@aws-sdk/credential-provider-ini@3.972.57':
    dependencies:
      '@aws-sdk/core': 3.974.24
      '@aws-sdk/credential-provider-env': 3.972.50
      '@aws-sdk/credential-provider-http': 3.972.52
      '@aws-sdk/credential-provider-login': 3.972.56
      '@aws-sdk/credential-provider-process': 3.972.50
      '@aws-sdk/credential-provider-sso': 3.972.56
      '@aws-sdk/credential-provider-web-identity': 3.972.56
      '@aws-sdk/nested-clients': 3.997.24
      '@aws-sdk/types': 3.973.14
      '@smithy/core': 3.28.0
      '@smithy/credential-provider-imds': 4.4.4
      '@smithy/types': 4.15.0
      tslib: 2.8.1

  '@aws-sdk/credential-provider-login@3.972.56':
    dependencies:
      '@aws-sdk/core': 3.974.24
      '@aws-sdk/nested-clients': 3.997.24
      '@aws-sdk/types': 3.973.14
      '@smithy/core': 3.28.0
      '@smithy/types': 4.15.0
      tslib: 2.8.1

  '@aws-sdk/credential-provider-node@3.972.59':
    dependencies:
      '@aws-sdk/credential-provider-env': 3.972.50
      '@aws-sdk/credential-provider-http': 3.972.52
      '@aws-sdk/credential-provider-ini': 3.972.57
      '@aws-sdk/credential-provider-process': 3.972.50
      '@aws-sdk/credential-provider-sso': 3.972.56
      '@aws-sdk/credential-provider-web-identity': 3.972.56
      '@aws-sdk/types': 3.973.14
      '@smithy/core': 3.28.0
      '@smithy/credential-provider-imds': 4.4.4
      '@smithy/types': 4.15.0
      tslib: 2.8.1

  '@aws-sdk/credential-provider-process@3.972.50':
    dependencies:
      '@aws-sdk/core': 3.974.24
      '@aws-sdk/types': 3.973.14
      '@smithy/core': 3.28.0
      '@smithy/types': 4.15.0
      tslib: 2.8.1

  '@aws-sdk/credential-provider-sso@3.972.56':
    dependencies:
      '@aws-sdk/core': 3.974.24
      '@aws-sdk/nested-clients': 3.997.24
      '@aws-sdk/token-providers': 3.1076.0
      '@aws-sdk/types': 3.973.14
      '@smithy/core': 3.28.0
      '@smithy/types': 4.15.0
      tslib: 2.8.1

  '@aws-sdk/credential-provider-web-identity@3.972.56':
    dependencies:
      '@aws-sdk/core': 3.974.24
      '@aws-sdk/nested-clients': 3.997.24
      '@aws-sdk/types': 3.973.14
      '@smithy/core': 3.28.0
      '@smithy/types': 4.15.0
      tslib: 2.8.1

  '@aws-sdk/dynamodb-codec@3.973.24':
    dependencies:
      '@aws-sdk/core': 3.974.24
      '@smithy/core': 3.28.0
      '@smithy/types': 4.15.0
      tslib: 2.8.1

  '@aws-sdk/endpoint-cache@3.972.8':
    dependencies:
      mnemonist: 0.38.3
      tslib: 2.8.1

  '@aws-sdk/lib-dynamodb@3.1076.0(@aws-sdk/client-dynamodb@3.1076.0)':
    dependencies:
      '@aws-sdk/client-dynamodb': 3.1076.0
      '@aws-sdk/core': 3.974.24
      '@aws-sdk/util-dynamodb': 3.996.5(@aws-sdk/client-dynamodb@3.1076.0)
      '@smithy/core': 3.28.0
      '@smithy/types': 4.15.0
      tslib: 2.8.1

  '@aws-sdk/middleware-endpoint-discovery@3.972.20':
    dependencies:
      '@aws-sdk/endpoint-cache': 3.972.8
      '@aws-sdk/types': 3.973.14
      '@smithy/core': 3.28.0
      '@smithy/types': 4.15.0
      tslib: 2.8.1

  '@aws-sdk/nested-clients@3.997.24':
    dependencies:
      '@aws-crypto/sha256-browser': 5.2.0
      '@aws-crypto/sha256-js': 5.2.0
      '@aws-sdk/core': 3.974.24
      '@aws-sdk/signature-v4-multi-region': 3.996.36
      '@aws-sdk/types': 3.973.14
      '@smithy/core': 3.28.0
      '@smithy/fetch-http-handler': 5.6.1
      '@smithy/node-http-handler': 4.9.1
      '@smithy/types': 4.15.0
      tslib: 2.8.1

  '@aws-sdk/signature-v4-multi-region@3.996.36':
    dependencies:
      '@aws-sdk/types': 3.973.14
      '@smithy/signature-v4': 5.6.0
      '@smithy/types': 4.15.0
      tslib: 2.8.1

  '@aws-sdk/token-providers@3.1076.0':
    dependencies:
      '@aws-sdk/core': 3.974.24
      '@aws-sdk/nested-clients': 3.997.24
      '@aws-sdk/types': 3.973.14
      '@smithy/core': 3.28.0
      '@smithy/types': 4.15.0
      tslib: 2.8.1

  '@aws-sdk/types@3.973.14':
    dependencies:
      '@smithy/types': 4.15.0
      tslib: 2.8.1

  '@aws-sdk/util-dynamodb@3.996.5(@aws-sdk/client-dynamodb@3.1076.0)':
    dependencies:
      '@aws-sdk/client-dynamodb': 3.1076.0
      tslib: 2.8.1

  '@aws-sdk/util-locate-window@3.965.8':
    dependencies:
      tslib: 2.8.1

  '@aws-sdk/xml-builder@3.972.32':
    dependencies:
      '@smithy/types': 4.15.0
      tslib: 2.8.1

  '@aws/lambda-invoke-store@0.2.4': {}

  '@smithy/core@3.28.0':
    dependencies:
      '@smithy/types': 4.15.0
      tslib: 2.8.1

  '@smithy/credential-provider-imds@4.4.4':
    dependencies:
      '@smithy/core': 3.28.0
      '@smithy/types': 4.15.0
      tslib: 2.8.1

  '@smithy/fetch-http-handler@5.6.1':
    dependencies:
      '@smithy/core': 3.28.0
      '@smithy/types': 4.15.0
      tslib: 2.8.1

  '@smithy/is-array-buffer@2.2.0':
    dependencies:
      tslib: 2.8.1

  '@smithy/node-http-handler@4.9.1':
    dependencies:
      '@smithy/core': 3.28.0
      '@smithy/types': 4.15.0
      tslib: 2.8.1

  '@smithy/signature-v4@5.6.0':
    dependencies:
      '@smithy/core': 3.28.0
      '@smithy/types': 4.15.0
      tslib: 2.8.1

  '@smithy/types@4.15.0':
    dependencies:
      tslib: 2.8.1

  '@smithy/util-buffer-from@2.2.0':
    dependencies:
      '@smithy/is-array-buffer': 2.2.0
      tslib: 2.8.1

  '@smithy/util-utf8@2.3.0':
    dependencies:
      '@smithy/util-buffer-from': 2.2.0
      tslib: 2.8.1

  bowser@2.14.1: {}

  mnemonist@0.38.3:
    dependencies:
      obliterator: 1.6.1

  obliterator@1.6.1: {}

  tslib@2.8.1: {}
